
Microsoft Visual Studio Solution File, Format Version 12.00
# Visual Studio Version 16
VisualStudioVersion = 16.0.30204.135
MinimumVisualStudioVersion = 10.0.40219.1
Project("{FAE04EC0-301F-11D3-BF4B-00C04F79EFBC}") = "Snake_OOP", "Snake_OOP.csproj", "{AE1CA5DF-62BB-4E8A-BA29-999FE86D4960}"
EndProject
Global
	GlobalSection(SolutionConfigurationPlatforms) = preSolution
		Debug|Any CPU = Debug|Any CPU
		Release|Any CPU = Release|Any CPU
	EndGlobalSection
	GlobalSection(ProjectConfigurationPlatforms) = postSolution
		{AE1CA5DF-62BB-4E8A-BA29-999FE86D4960}.Debug|Any CPU.ActiveCfg = Debug|Any CPU
		{AE1CA5DF-62BB-4E8A-BA29-999FE86D4960}.Debug|Any CPU.Build.0 = Debug|Any CPU
		{AE1CA5DF-62BB-4E8A-BA29-999FE86D4960}.Release|Any CPU.ActiveCfg = Release|Any CPU
		{AE1CA5DF-62BB-4E8A-BA29-999FE86D4960}.Release|Any CPU.Build.0 = Release|Any CPU
	EndGlobalSection
	GlobalSection(SolutionProperties) = preSolution
		HideSolutionNode = FALSE
	EndGlobalSection
	GlobalSection(ExtensibilityGlobals) = postSolution
		SolutionGuid = {12355671-6097-46F5-9D3B-F1C12DFF6B1A}
	EndGlobalSection
EndGlobal
